
Microsoft Visual Studio Solution File, Format Version 12.00
# Visual Studio 15
VisualStudioVersion = 15.0.26403.3
MinimumVisualStudioVersion = 10.0.40219.1
Project("{FAE04EC0-301F-11D3-BF4B-00C04F79EFBC}") = "XamarinFormsSharedPref.Android", "XamarinFormsSharedPref\XamarinFormsSharedPref.Android\XamarinFormsSharedPref.Android.csproj", "{6F0DA6D1-0E8C-4CBF-A36D-3286DB63B2B9}"
EndProject
Project("{FAE04EC0-301F-11D3-BF4B-00C04F79EFBC}") = "XamarinFormsSharedPref", "XamarinFormsSharedPref\XamarinFormsSharedPref\XamarinFormsSharedPref.csproj", "{F7BEE3BB-DBCF-43CF-8CBB-98B3327648CA}"
EndProject
Project("{FAE04EC0-301F-11D3-BF4B-00C04F79EFBC}") = "XamarinFormsSharedPref.UWP", "XamarinFormsSharedPref\XamarinFormsSharedPref.UWP\XamarinFormsSharedPref.UWP.csproj", "{8D6A6E79-48EE-4687-BD13-A6C398C03875}"
EndProject
Project("{FAE04EC0-301F-11D3-BF4B-00C04F79EFBC}") = "XamarinFormsSharedPref.iOS", "XamarinFormsSharedPref\XamarinFormsSharedPref.iOS\XamarinFormsSharedPref.iOS.csproj", "{29AD935C-0E3C-4B94-BE14-42B7F5D10F08}"
EndProject
Global
	GlobalSection(SolutionConfigurationPlatforms) = preSolution
		Ad-Hoc|Any CPU = Ad-Hoc|Any CPU
		Ad-Hoc|ARM = Ad-Hoc|ARM
		Ad-Hoc|iPhone = Ad-Hoc|iPhone
		Ad-Hoc|iPhoneSimulator = Ad-Hoc|iPhoneSimulator
		Ad-Hoc|x64 = Ad-Hoc|x64
		Ad-Hoc|x86 = Ad-Hoc|x86
		AppStore|Any CPU = AppStore|Any CPU
		AppStore|ARM = AppStore|ARM
		AppStore|iPhone = AppStore|iPhone
		AppStore|iPhoneSimulator = AppStore|iPhoneSimulator
		AppStore|x64 = AppStore|x64
		AppStore|x86 = AppStore|x86
		Debug|Any CPU = Debug|Any CPU
		Debug|ARM = Debug|ARM
		Debug|iPhone = Debug|iPhone
		Debug|iPhoneSimulator = Debug|iPhoneSimulator
		Debug|x64 = Debug|x64
		Debug|x86 = Debug|x86
		Release|Any CPU = Release|Any CPU
		Release|ARM = Release|ARM
		Release|iPhone = Release|iPhone
		Release|iPhoneSimulator = Release|iPhoneSimulator
		Release|x64 = Release|x64
		Release|x86 = Release|x86
	EndGlobalSection
	GlobalSection(ProjectConfigurationPlatforms) = postSolution
		{6F0DA6D1-0E8C-4CBF-A36D-3286DB63B2B9}.Ad-Hoc|Any CPU.ActiveCfg = Release|Any CPU
		{6F0DA6D1-0E8C-4CBF-A36D-3286DB63B2B9}.Ad-Hoc|Any CPU.Build.0 = Release|Any CPU
		{6F0DA6D1-0E8C-4CBF-A36D-3286DB63B2B9}.Ad-Hoc|Any CPU.Deploy.0 = Release|Any CPU
		{6F0DA6D1-0E8C-4CBF-A36D-3286DB63B2B9}.Ad-Hoc|ARM.ActiveCfg = Release|Any CPU
		{6F0DA6D1-0E8C-4CBF-A36D-3286DB63B2B9}.Ad-Hoc|ARM.Build.0 = Release|Any CPU
		{6F0DA6D1-0E8C-4CBF-A36D-3286DB63B2B9}.Ad-Hoc|ARM.Deploy.0 = Release|Any CPU
		{6F0DA6D1-0E8C-4CBF-A36D-3286DB63B2B9}.Ad-Hoc|iPhone.ActiveCfg = Release|Any CPU
		{6F0DA6D1-0E8C-4CBF-A36D-3286DB63B2B9}.Ad-Hoc|iPhone.Build.0 = Release|Any CPU
		{6F0DA6D1-0E8C-4CBF-A36D-3286DB63B2B9}.Ad-Hoc|iPhone.Deploy.0 = Release|Any CPU
		{6F0DA6D1-0E8C-4CBF-A36D-3286DB63B2B9}.Ad-Hoc|iPhoneSimulator.ActiveCfg = Release|Any CPU
		{6F0DA6D1-0E8C-4CBF-A36D-3286DB63B2B9}.Ad-Hoc|iPhoneSimulator.Build.0 = Release|Any CPU
		{6F0DA6D1-0E8C-4CBF-A36D-3286DB63B2B9}.Ad-Hoc|iPhoneSimulator.Deploy.0 = Release|Any CPU
		{6F0DA6D1-0E8C-4CBF-A36D-3286DB63B2B9}.Ad-Hoc|x64.ActiveCfg = Release|Any CPU
		{6F0DA6D1-0E8C-4CBF-A36D-3286DB63B2B9}.Ad-Hoc|x64.Build.0 = Release|Any CPU
		{6F0DA6D1-0E8C-4CBF-A36D-3286DB63B2B9}.Ad-Hoc|x64.Deploy.0 = Release|Any CPU
		{6F0DA6D1-0E8C-4CBF-A36D-3286DB63B2B9}.Ad-Hoc|x86.ActiveCfg = Release|Any CPU
		{6F0DA6D1-0E8C-4CBF-A36D-3286DB63B2B9}.Ad-Hoc|x86.Build.0 = Release|Any CPU
		{6F0DA6D1-0E8C-4CBF-A36D-3286DB63B2B9}.Ad-Hoc|x86.Deploy.0 = Release|Any CPU
		{6F0DA6D1-0E8C-4CBF-A36D-3286DB63B2B9}.AppStore|Any CPU.ActiveCfg = Release|Any CPU
		{6F0DA6D1-0E8C-4CBF-A36D-3286DB63B2B9}.AppStore|Any CPU.Build.0 = Release|Any CPU
		{6F0DA6D1-0E8C-4CBF-A36D-3286DB63B2B9}.AppStore|Any CPU.Deploy.0 = Release|Any CPU
		{6F0DA6D1-0E8C-4CBF-A36D-3286DB63B2B9}.AppStore|ARM.ActiveCfg = Release|Any CPU
		{6F0DA6D1-0E8C-4CBF-A36D-3286DB63B2B9}.AppStore|ARM.Build.0 = Release|Any CPU
		{6F0DA6D1-0E8C-4CBF-A36D-3286DB63B2B9}.AppStore|ARM.Deploy.0 = Release|Any CPU
		{6F0DA6D1-0E8C-4CBF-A36D-3286DB63B2B9}.AppStore|iPhone.ActiveCfg = Release|Any CPU
		{6F0DA6D1-0E8C-4CBF-A36D-3286DB63B2B9}.AppStore|iPhone.Build.0 = Release|Any CPU
		{6F0DA6D1-0E8C-4CBF-A36D-3286DB63B2B9}.AppStore|iPhone.Deploy.0 = Release|Any CPU
		{6F0DA6D1-0E8C-4CBF-A36D-3286DB63B2B9}.AppStore|iPhoneSimulator.ActiveCfg = Release|Any CPU
		{6F0DA6D1-0E8C-4CBF-A36D-3286DB63B2B9}.AppStore|iPhoneSimulator.Build.0 = Release|Any CPU
		{6F0DA6D1-0E8C-4CBF-A36D-3286DB63B2B9}.AppStore|iPhoneSimulator.Deploy.0 = Release|Any CPU
		{6F0DA6D1-0E8C-4CBF-A36D-3286DB63B2B9}.AppStore|x64.ActiveCfg = Release|Any CPU
		{6F0DA6D1-0E8C-4CBF-A36D-3286DB63B2B9}.AppStore|x64.Build.0 = Release|Any CPU
		{6F0DA6D1-0E8C-4CBF-A36D-3286DB63B2B9}.AppStore|x64.Deploy.0 = Release|Any CPU
		{6F0DA6D1-0E8C-4CBF-A36D-3286DB63B2B9}.AppStore|x86.ActiveCfg = Release|Any CPU
		{6F0DA6D1-0E8C-4CBF-A36D-3286DB63B2B9}.AppStore|x86.Build.0 = Release|Any CPU
		{6F0DA6D1-0E8C-4CBF-A36D-3286DB63B2B9}.AppStore|x86.Deploy.0 = Release|Any CPU
		{6F0DA6D1-0E8C-4CBF-A36D-3286DB63B2B9}.Debug|Any CPU.ActiveCfg = Debug|Any CPU
		{6F0DA6D1-0E8C-4CBF-A36D-3286DB63B2B9}.Debug|Any CPU.Build.0 = Debug|Any CPU
		{6F0DA6D1-0E8C-4CBF-A36D-3286DB63B2B9}.Debug|Any CPU.Deploy.0 = Debug|Any CPU
		{6F0DA6D1-0E8C-4CBF-A36D-3286DB63B2B9}.Debug|ARM.ActiveCfg = Debug|Any CPU
		{6F0DA6D1-0E8C-4CBF-A36D-3286DB63B2B9}.Debug|ARM.Build.0 = Debug|Any CPU
		{6F0DA6D1-0E8C-4CBF-A36D-3286DB63B2B9}.Debug|ARM.Deploy.0 = Debug|Any CPU
		{6F0DA6D1-0E8C-4CBF-A36D-3286DB63B2B9}.Debug|iPhone.ActiveCfg = Debug|Any CPU
		{6F0DA6D1-0E8C-4CBF-A36D-3286DB63B2B9}.Debug|iPhone.Build.0 = Debug|Any CPU
		{6F0DA6D1-0E8C-4CBF-A36D-3286DB63B2B9}.Debug|iPhone.Deploy.0 = Debug|Any CPU
		{6F0DA6D1-0E8C-4CBF-A36D-3286DB63B2B9}.Debug|iPhoneSimulator.ActiveCfg = Debug|Any CPU
		{6F0DA6D1-0E8C-4CBF-A36D-3286DB63B2B9}.Debug|iPhoneSimulator.Build.0 = Debug|Any CPU
		{6F0DA6D1-0E8C-4CBF-A36D-3286DB63B2B9}.Debug|iPhoneSimulator.Deploy.0 = Debug|Any CPU
		{6F0DA6D1-0E8C-4CBF-A36D-3286DB63B2B9}.Debug|x64.ActiveCfg = Debug|Any CPU
		{6F0DA6D1-0E8C-4CBF-A36D-3286DB63B2B9}.Debug|x64.Build.0 = Debug|Any CPU
		{6F0DA6D1-0E8C-4CBF-A36D-3286DB63B2B9}.Debug|x64.Deploy.0 = Debug|Any CPU
		{6F0DA6D1-0E8C-4CBF-A36D-3286DB63B2B9}.Debug|x86.ActiveCfg = Debug|Any CPU
		{6F0DA6D1-0E8C-4CBF-A36D-3286DB63B2B9}.Debug|x86.Build.0 = Debug|Any CPU
		{6F0DA6D1-0E8C-4CBF-A36D-3286DB63B2B9}.Debug|x86.Deploy.0 = Debug|Any CPU
		{6F0DA6D1-0E8C-4CBF-A36D-3286DB63B2B9}.Release|Any CPU.ActiveCfg = Release|Any CPU
		{6F0DA6D1-0E8C-4CBF-A36D-3286DB63B2B9}.Release|Any CPU.Build.0 = Release|Any CPU
		{6F0DA6D1-0E8C-4CBF-A36D-3286DB63B2B9}.Release|Any CPU.Deploy.0 = Release|Any CPU
		{6F0DA6D1-0E8C-4CBF-A36D-3286DB63B2B9}.Release|ARM.ActiveCfg = Release|Any CPU
		{6F0DA6D1-0E8C-4CBF-A36D-3286DB63B2B9}.Release|ARM.Build.0 = Release|Any CPU
		{6F0DA6D1-0E8C-4CBF-A36D-3286DB63B2B9}.Release|ARM.Deploy.0 = Release|Any CPU
		{6F0DA6D1-0E8C-4CBF-A36D-3286DB63B2B9}.Release|iPhone.ActiveCfg = Release|Any CPU
		{6F0DA6D1-0E8C-4CBF-A36D-3286DB63B2B9}.Release|iPhone.Build.0 = Release|Any CPU
		{6F0DA6D1-0E8C-4CBF-A36D-3286DB63B2B9}.Release|iPhone.Deploy.0 = Release|Any CPU
		{6F0DA6D1-0E8C-4CBF-A36D-3286DB63B2B9}.Release|iPhoneSimulator.ActiveCfg = Release|Any CPU
		{6F0DA6D1-0E8C-4CBF-A36D-3286DB63B2B9}.Release|iPhoneSimulator.Build.0 = Release|Any CPU
		{6F0DA6D1-0E8C-4CBF-A36D-3286DB63B2B9}.Release|iPhoneSimulator.Deploy.0 = Release|Any CPU
		{6F0DA6D1-0E8C-4CBF-A36D-3286DB63B2B9}.Release|x64.ActiveCfg = Release|Any CPU
		{6F0DA6D1-0E8C-4CBF-A36D-3286DB63B2B9}.Release|x64.Build.0 = Release|Any CPU
		{6F0DA6D1-0E8C-4CBF-A36D-3286DB63B2B9}.Release|x64.Deploy.0 = Release|Any CPU
		{6F0DA6D1-0E8C-4CBF-A36D-3286DB63B2B9}.Release|x86.ActiveCfg = Release|Any CPU
		{6F0DA6D1-0E8C-4CBF-A36D-3286DB63B2B9}.Release|x86.Build.0 = Release|Any CPU
		{6F0DA6D1-0E8C-4CBF-A36D-3286DB63B2B9}.Release|x86.Deploy.0 = Release|Any CPU
		{F7BEE3BB-DBCF-43CF-8CBB-98B3327648CA}.Ad-Hoc|Any CPU.ActiveCfg = Release|Any CPU
		{F7BEE3BB-DBCF-43CF-8CBB-98B3327648CA}.Ad-Hoc|Any CPU.Build.0 = Release|Any CPU
		{F7BEE3BB-DBCF-43CF-8CBB-98B3327648CA}.Ad-Hoc|ARM.ActiveCfg = Release|Any CPU
		{F7BEE3BB-DBCF-43CF-8CBB-98B3327648CA}.Ad-Hoc|ARM.Build.0 = Release|Any CPU
		{F7BEE3BB-DBCF-43CF-8CBB-98B3327648CA}.Ad-Hoc|iPhone.ActiveCfg = Release|Any CPU
		{F7BEE3BB-DBCF-43CF-8CBB-98B3327648CA}.Ad-Hoc|iPhone.Build.0 = Release|Any CPU
		{F7BEE3BB-DBCF-43CF-8CBB-98B3327648CA}.Ad-Hoc|iPhoneSimulator.ActiveCfg = Release|Any CPU
		{F7BEE3BB-DBCF-43CF-8CBB-98B3327648CA}.Ad-Hoc|iPhoneSimulator.Build.0 = Release|Any CPU
		{F7BEE3BB-DBCF-43CF-8CBB-98B3327648CA}.Ad-Hoc|x64.ActiveCfg = Release|Any CPU
		{F7BEE3BB-DBCF-43CF-8CBB-98B3327648CA}.Ad-Hoc|x64.Build.0 = Release|Any CPU
		{F7BEE3BB-DBCF-43CF-8CBB-98B3327648CA}.Ad-Hoc|x86.ActiveCfg = Release|Any CPU
		{F7BEE3BB-DBCF-43CF-8CBB-98B3327648CA}.Ad-Hoc|x86.Build.0 = Release|Any CPU
		{F7BEE3BB-DBCF-43CF-8CBB-98B3327648CA}.AppStore|Any CPU.ActiveCfg = Release|Any CPU
		{F7BEE3BB-DBCF-43CF-8CBB-98B3327648CA}.AppStore|Any CPU.Build.0 = Release|Any CPU
		{F7BEE3BB-DBCF-43CF-8CBB-98B3327648CA}.AppStore|ARM.ActiveCfg = Release|Any CPU
		{F7BEE3BB-DBCF-43CF-8CBB-98B3327648CA}.AppStore|ARM.Build.0 = Release|Any CPU
		{F7BEE3BB-DBCF-43CF-8CBB-98B3327648CA}.AppStore|iPhone.ActiveCfg = Release|Any CPU
		{F7BEE3BB-DBCF-43CF-8CBB-98B3327648CA}.AppStore|iPhone.Build.0 = Release|Any CPU
		{F7BEE3BB-DBCF-43CF-8CBB-98B3327648CA}.AppStore|iPhoneSimulator.ActiveCfg = Release|Any CPU
		{F7BEE3BB-DBCF-43CF-8CBB-98B3327648CA}.AppStore|iPhoneSimulator.Build.0 = Release|Any CPU
		{F7BEE3BB-DBCF-43CF-8CBB-98B3327648CA}.AppStore|x64.ActiveCfg = Release|Any CPU
		{F7BEE3BB-DBCF-43CF-8CBB-98B3327648CA}.AppStore|x64.Build.0 = Release|Any CPU
		{F7BEE3BB-DBCF-43CF-8CBB-98B3327648CA}.AppStore|x86.ActiveCfg = Release|Any CPU
		{F7BEE3BB-DBCF-43CF-8CBB-98B3327648CA}.AppStore|x86.Build.0 = Release|Any CPU
		{F7BEE3BB-DBCF-43CF-8CBB-98B3327648CA}.Debug|Any CPU.ActiveCfg = Debug|Any CPU
		{F7BEE3BB-DBCF-43CF-8CBB-98B3327648CA}.Debug|Any CPU.Build.0 = Debug|Any CPU
		{F7BEE3BB-DBCF-43CF-8CBB-98B3327648CA}.Debug|ARM.ActiveCfg = Debug|Any CPU
		{F7BEE3BB-DBCF-43CF-8CBB-98B3327648CA}.Debug|ARM.Build.0 = Debug|Any CPU
		{F7BEE3BB-DBCF-43CF-8CBB-98B3327648CA}.Debug|iPhone.ActiveCfg = Debug|Any CPU
		{F7BEE3BB-DBCF-43CF-8CBB-98B3327648CA}.Debug|iPhone.Build.0 = Debug|Any CPU
		{F7BEE3BB-DBCF-43CF-8CBB-98B3327648CA}.Debug|iPhoneSimulator.ActiveCfg = Debug|Any CPU
		{F7BEE3BB-DBCF-43CF-8CBB-98B3327648CA}.Debug|iPhoneSimulator.Build.0 = Debug|Any CPU
		{F7BEE3BB-DBCF-43CF-8CBB-98B3327648CA}.Debug|x64.ActiveCfg = Debug|Any CPU
		{F7BEE3BB-DBCF-43CF-8CBB-98B3327648CA}.Debug|x64.Build.0 = Debug|Any CPU
		{F7BEE3BB-DBCF-43CF-8CBB-98B3327648CA}.Debug|x86.ActiveCfg = Debug|Any CPU
		{F7BEE3BB-DBCF-43CF-8CBB-98B3327648CA}.Debug|x86.Build.0 = Debug|Any CPU
		{F7BEE3BB-DBCF-43CF-8CBB-98B3327648CA}.Release|Any CPU.ActiveCfg = Release|Any CPU
		{F7BEE3BB-DBCF-43CF-8CBB-98B3327648CA}.Release|Any CPU.Build.0 = Release|Any CPU
		{F7BEE3BB-DBCF-43CF-8CBB-98B3327648CA}.Release|ARM.ActiveCfg = Release|Any CPU
		{F7BEE3BB-DBCF-43CF-8CBB-98B3327648CA}.Release|ARM.Build.0 = Release|Any CPU
		{F7BEE3BB-DBCF-43CF-8CBB-98B3327648CA}.Release|iPhone.ActiveCfg = Release|Any CPU
		{F7BEE3BB-DBCF-43CF-8CBB-98B3327648CA}.Release|iPhone.Build.0 = Release|Any CPU
		{F7BEE3BB-DBCF-43CF-8CBB-98B3327648CA}.Release|iPhoneSimulator.ActiveCfg = Release|Any CPU
		{F7BEE3BB-DBCF-43CF-8CBB-98B3327648CA}.Release|iPhoneSimulator.Build.0 = Release|Any CPU
		{F7BEE3BB-DBCF-43CF-8CBB-98B3327648CA}.Release|x64.ActiveCfg = Release|Any CPU
		{F7BEE3BB-DBCF-43CF-8CBB-98B3327648CA}.Release|x64.Build.0 = Release|Any CPU
		{F7BEE3BB-DBCF-43CF-8CBB-98B3327648CA}.Release|x86.ActiveCfg = Release|Any CPU
		{F7BEE3BB-DBCF-43CF-8CBB-98B3327648CA}.Release|x86.Build.0 = Release|Any CPU
		{8D6A6E79-48EE-4687-BD13-A6C398C03875}.Ad-Hoc|Any CPU.ActiveCfg = Release|x86
		{8D6A6E79-48EE-4687-BD13-A6C398C03875}.Ad-Hoc|Any CPU.Build.0 = Release|x86
		{8D6A6E79-48EE-4687-BD13-A6C398C03875}.Ad-Hoc|Any CPU.Deploy.0 = Release|x86
		{8D6A6E79-48EE-4687-BD13-A6C398C03875}.Ad-Hoc|ARM.ActiveCfg = Release|ARM
		{8D6A6E79-48EE-4687-BD13-A6C398C03875}.Ad-Hoc|ARM.Build.0 = Release|ARM
		{8D6A6E79-48EE-4687-BD13-A6C398C03875}.Ad-Hoc|ARM.Deploy.0 = Release|ARM
		{8D6A6E79-48EE-4687-BD13-A6C398C03875}.Ad-Hoc|iPhone.ActiveCfg = Release|x86
		{8D6A6E79-48EE-4687-BD13-A6C398C03875}.Ad-Hoc|iPhone.Build.0 = Release|x86
		{8D6A6E79-48EE-4687-BD13-A6C398C03875}.Ad-Hoc|iPhone.Deploy.0 = Release|x86
		{8D6A6E79-48EE-4687-BD13-A6C398C03875}.Ad-Hoc|iPhoneSimulator.ActiveCfg = Release|x86
		{8D6A6E79-48EE-4687-BD13-A6C398C03875}.Ad-Hoc|iPhoneSimulator.Build.0 = Release|x86
		{8D6A6E79-48EE-4687-BD13-A6C398C03875}.Ad-Hoc|iPhoneSimulator.Deploy.0 = Release|x86
		{8D6A6E79-48EE-4687-BD13-A6C398C03875}.Ad-Hoc|x64.ActiveCfg = Release|x64
		{8D6A6E79-48EE-4687-BD13-A6C398C03875}.Ad-Hoc|x64.Build.0 = Release|x64
		{8D6A6E79-48EE-4687-BD13-A6C398C03875}.Ad-Hoc|x64.Deploy.0 = Release|x64
		{8D6A6E79-48EE-4687-BD13-A6C398C03875}.Ad-Hoc|x86.ActiveCfg = Release|x86
		{8D6A6E79-48EE-4687-BD13-A6C398C03875}.Ad-Hoc|x86.Build.0 = Release|x86
		{8D6A6E79-48EE-4687-BD13-A6C398C03875}.Ad-Hoc|x86.Deploy.0 = Release|x86
		{8D6A6E79-48EE-4687-BD13-A6C398C03875}.AppStore|Any CPU.ActiveCfg = Release|x86
		{8D6A6E79-48EE-4687-BD13-A6C398C03875}.AppStore|Any CPU.Build.0 = Release|x86
		{8D6A6E79-48EE-4687-BD13-A6C398C03875}.AppStore|Any CPU.Deploy.0 = Release|x86
		{8D6A6E79-48EE-4687-BD13-A6C398C03875}.AppStore|ARM.ActiveCfg = Release|ARM
		{8D6A6E79-48EE-4687-BD13-A6C398C03875}.AppStore|ARM.Build.0 = Release|ARM
		{8D6A6E79-48EE-4687-BD13-A6C398C03875}.AppStore|ARM.Deploy.0 = Release|ARM
		{8D6A6E79-48EE-4687-BD13-A6C398C03875}.AppStore|iPhone.ActiveCfg = Release|x86
		{8D6A6E79-48EE-4687-BD13-A6C398C03875}.AppStore|iPhone.Build.0 = Release|x86
		{8D6A6E79-48EE-4687-BD13-A6C398C03875}.AppStore|iPhone.Deploy.0 = Release|x86
		{8D6A6E79-48EE-4687-BD13-A6C398C03875}.AppStore|iPhoneSimulator.ActiveCfg = Release|x86
		{8D6A6E79-48EE-4687-BD13-A6C398C03875}.AppStore|iPhoneSimulator.Build.0 = Release|x86
		{8D6A6E79-48EE-4687-BD13-A6C398C03875}.AppStore|iPhoneSimulator.Deploy.0 = Release|x86
		{8D6A6E79-48EE-4687-BD13-A6C398C03875}.AppStore|x64.ActiveCfg = Release|x64
		{8D6A6E79-48EE-4687-BD13-A6C398C03875}.AppStore|x64.Build.0 = Release|x64
		{8D6A6E79-48EE-4687-BD13-A6C398C03875}.AppStore|x64.Deploy.0 = Release|x64
		{8D6A6E79-48EE-4687-BD13-A6C398C03875}.AppStore|x86.ActiveCfg = Release|x86
		{8D6A6E79-48EE-4687-BD13-A6C398C03875}.AppStore|x86.Build.0 = Release|x86
		{8D6A6E79-48EE-4687-BD13-A6C398C03875}.AppStore|x86.Deploy.0 = Release|x86
		{8D6A6E79-48EE-4687-BD13-A6C398C03875}.Debug|Any CPU.ActiveCfg = Debug|x86
		{8D6A6E79-48EE-4687-BD13-A6C398C03875}.Debug|ARM.ActiveCfg = Debug|ARM
		{8D6A6E79-48EE-4687-BD13-A6C398C03875}.Debug|ARM.Build.0 = Debug|ARM
		{8D6A6E79-48EE-4687-BD13-A6C398C03875}.Debug|ARM.Deploy.0 = Debug|ARM
		{8D6A6E79-48EE-4687-BD13-A6C398C03875}.Debug|iPhone.ActiveCfg = Debug|x86
		{8D6A6E79-48EE-4687-BD13-A6C398C03875}.Debug|iPhoneSimulator.ActiveCfg = Debug|x86
		{8D6A6E79-48EE-4687-BD13-A6C398C03875}.Debug|x64.ActiveCfg = Debug|x64
		{8D6A6E79-48EE-4687-BD13-A6C398C03875}.Debug|x64.Build.0 = Debug|x64
		{8D6A6E79-48EE-4687-BD13-A6C398C03875}.Debug|x64.Deploy.0 = Debug|x64
		{8D6A6E79-48EE-4687-BD13-A6C398C03875}.Debug|x86.ActiveCfg = Debug|x86
		{8D6A6E79-48EE-4687-BD13-A6C398C03875}.Debug|x86.Build.0 = Debug|x86
		{8D6A6E79-48EE-4687-BD13-A6C398C03875}.Debug|x86.Deploy.0 = Debug|x86
		{8D6A6E79-48EE-4687-BD13-A6C398C03875}.Release|Any CPU.ActiveCfg = Release|x86
		{8D6A6E79-48EE-4687-BD13-A6C398C03875}.Release|ARM.ActiveCfg = Release|ARM
		{8D6A6E79-48EE-4687-BD13-A6C398C03875}.Release|ARM.Build.0 = Release|ARM
		{8D6A6E79-48EE-4687-BD13-A6C398C03875}.Release|ARM.Deploy.0 = Release|ARM
		{8D6A6E79-48EE-4687-BD13-A6C398C03875}.Release|iPhone.ActiveCfg = Release|x86
		{8D6A6E79-48EE-4687-BD13-A6C398C03875}.Release|iPhoneSimulator.ActiveCfg = Release|x86
		{8D6A6E79-48EE-4687-BD13-A6C398C03875}.Release|x64.ActiveCfg = Release|x64
		{8D6A6E79-48EE-4687-BD13-A6C398C03875}.Release|x64.Build.0 = Release|x64
		{8D6A6E79-48EE-4687-BD13-A6C398C03875}.Release|x64.Deploy.0 = Release|x64
		{8D6A6E79-48EE-4687-BD13-A6C398C03875}.Release|x86.ActiveCfg = Release|x86
		{8D6A6E79-48EE-4687-BD13-A6C398C03875}.Release|x86.Build.0 = Release|x86
		{8D6A6E79-48EE-4687-BD13-A6C398C03875}.Release|x86.Deploy.0 = Release|x86
		{29AD935C-0E3C-4B94-BE14-42B7F5D10F08}.Ad-Hoc|Any CPU.ActiveCfg = Ad-Hoc|iPhone
		{29AD935C-0E3C-4B94-BE14-42B7F5D10F08}.Ad-Hoc|ARM.ActiveCfg = Ad-Hoc|iPhone
		{29AD935C-0E3C-4B94-BE14-42B7F5D10F08}.Ad-Hoc|iPhone.ActiveCfg = Ad-Hoc|iPhone
		{29AD935C-0E3C-4B94-BE14-42B7F5D10F08}.Ad-Hoc|iPhone.Build.0 = Ad-Hoc|iPhone
		{29AD935C-0E3C-4B94-BE14-42B7F5D10F08}.Ad-Hoc|iPhoneSimulator.ActiveCfg = Ad-Hoc|iPhoneSimulator
		{29AD935C-0E3C-4B94-BE14-42B7F5D10F08}.Ad-Hoc|iPhoneSimulator.Build.0 = Ad-Hoc|iPhoneSimulator
		{29AD935C-0E3C-4B94-BE14-42B7F5D10F08}.Ad-Hoc|x64.ActiveCfg = Ad-Hoc|iPhone
		{29AD935C-0E3C-4B94-BE14-42B7F5D10F08}.Ad-Hoc|x86.ActiveCfg = Ad-Hoc|iPhone
		{29AD935C-0E3C-4B94-BE14-42B7F5D10F08}.AppStore|Any CPU.ActiveCfg = AppStore|iPhone
		{29AD935C-0E3C-4B94-BE14-42B7F5D10F08}.AppStore|ARM.ActiveCfg = AppStore|iPhone
		{29AD935C-0E3C-4B94-BE14-42B7F5D10F08}.AppStore|iPhone.ActiveCfg = AppStore|iPhone
		{29AD935C-0E3C-4B94-BE14-42B7F5D10F08}.AppStore|iPhone.Build.0 = AppStore|iPhone
		{29AD935C-0E3C-4B94-BE14-42B7F5D10F08}.AppStore|iPhoneSimulator.ActiveCfg = AppStore|iPhoneSimulator
		{29AD935C-0E3C-4B94-BE14-42B7F5D10F08}.AppStore|iPhoneSimulator.Build.0 = AppStore|iPhoneSimulator
		{29AD935C-0E3C-4B94-BE14-42B7F5D10F08}.AppStore|x64.ActiveCfg = AppStore|iPhone
		{29AD935C-0E3C-4B94-BE14-42B7F5D10F08}.AppStore|x86.ActiveCfg = AppStore|iPhone
		{29AD935C-0E3C-4B94-BE14-42B7F5D10F08}.Debug|Any CPU.ActiveCfg = Debug|iPhone
		{29AD935C-0E3C-4B94-BE14-42B7F5D10F08}.Debug|ARM.ActiveCfg = Debug|iPhone
		{29AD935C-0E3C-4B94-BE14-42B7F5D10F08}.Debug|iPhone.ActiveCfg = Debug|iPhone
		{29AD935C-0E3C-4B94-BE14-42B7F5D10F08}.Debug|iPhone.Build.0 = Debug|iPhone
		{29AD935C-0E3C-4B94-BE14-42B7F5D10F08}.Debug|iPhoneSimulator.ActiveCfg = Debug|iPhoneSimulator
		{29AD935C-0E3C-4B94-BE14-42B7F5D10F08}.Debug|iPhoneSimulator.Build.0 = Debug|iPhoneSimulator
		{29AD935C-0E3C-4B94-BE14-42B7F5D10F08}.Debug|x64.ActiveCfg = Debug|iPhone
		{29AD935C-0E3C-4B94-BE14-42B7F5D10F08}.Debug|x86.ActiveCfg = Debug|iPhone
		{29AD935C-0E3C-4B94-BE14-42B7F5D10F08}.Release|Any CPU.ActiveCfg = Release|iPhone
		{29AD935C-0E3C-4B94-BE14-42B7F5D10F08}.Release|ARM.ActiveCfg = Release|iPhone
		{29AD935C-0E3C-4B94-BE14-42B7F5D10F08}.Release|iPhone.ActiveCfg = Release|iPhone
		{29AD935C-0E3C-4B94-BE14-42B7F5D10F08}.Release|iPhone.Build.0 = Release|iPhone
		{29AD935C-0E3C-4B94-BE14-42B7F5D10F08}.Release|iPhoneSimulator.ActiveCfg = Release|iPhoneSimulator
		{29AD935C-0E3C-4B94-BE14-42B7F5D10F08}.Release|iPhoneSimulator.Build.0 = Release|iPhoneSimulator
		{29AD935C-0E3C-4B94-BE14-42B7F5D10F08}.Release|x64.ActiveCfg = Release|iPhone
		{29AD935C-0E3C-4B94-BE14-42B7F5D10F08}.Release|x86.ActiveCfg = Release|iPhone
	EndGlobalSection
	GlobalSection(SolutionProperties) = preSolution
		HideSolutionNode = FALSE
	EndGlobalSection
EndGlobal
